// !$*UTF8*$!
{
	archiveVersion = 1;
	classes = {
	};
	objectVersion = 46;
	objects = {

/* Begin PBXBuildFile section */
		830878BD1DFFE2120099B35D /* AppDelegate.swift in Sources */ = {isa = PBXBuildFile; fileRef = 830878BC1DFFE2120099B35D /* AppDelegate.swift */; };
		830878BF1DFFE2130099B35D /* ViewController.swift in Sources */ = {isa = PBXBuildFile; fileRef = 830878BE1DFFE2130099B35D /* ViewController.swift */; };
		830878C21DFFE2130099B35D /* Main.storyboard in Resources */ = {isa = PBXBuildFile; fileRef = 830878C01DFFE2130099B35D /* Main.storyboard */; };
		830878C41DFFE2130099B35D /* Assets.xcassets in Resources */ = {isa = PBXBuildFile; fileRef = 830878C31DFFE2130099B35D /* Assets.xcassets */; };
		830878C71DFFE2130099B35D /* LaunchScreen.storyboard in Resources */ = {isa = PBXBuildFile; fileRef = 830878C51DFFE2130099B35D /* LaunchScreen.storyboard */; };
		8378D3371E00D871001236A2 /* MyTableViewController.swift in Sources */ = {isa = PBXBuildFile; fileRef = 8378D3361E00D871001236A2 /* MyTableViewController.swift */; };
/* End PBXBuildFile section */

/* Begin PBXFileReference section */
		830878B91DFFE2120099B35D /* TableView_swift.app */ = {isa = PBXFileReference; explicitFileType = wrapper.application; includeInIndex = 0; path = TableView_swift.app; sourceTree = BUILT_PRODUCTS_DIR; };
		830878BC1DFFE2120099B35D /* AppDelegate.swift */ = {isa = PBXFileReference; lastKnownFileType = sourcecode.swift; path = AppDelegate.swift; sourceTree = "<group>"; };
		830878BE1DFFE2130099B35D /* ViewController.swift */ = {isa = PBXFileReference; lastKnownFileType = sourcecode.swift; path = ViewController.swift; sourceTree = "<group>"; };
		830878C11DFFE2130099B35D /* Base */ = {isa = PBXFileReference; lastKnownFileType = file.storyboard; name = Base; path = Base.lproj/Main.storyboard; sourceTree = "<group>"; };
		830878C31DFFE2130099B35D /* Assets.xcassets */ = {isa = PBXFileReference; lastKnownFileType = folder.assetcatalog; path = Assets.xcassets; sourceTree = "<group>"; };
		830878C61DFFE2130099B35D /* Base */ = {isa = PBXFileReference; lastKnownFileType = file.storyboard; name = Base; path = Base.lproj/LaunchScreen.storyboard; sourceTree = "<group>"; };
		830878C81DFFE2140099B35D /* Info.plist */ = {isa = PBXFileReference; lastKnownFileType = text.plist.xml; path = Info.plist; sourceTree = "<group>"; };
		8378D3361E00D871001236A2 /* MyTableViewController.swift */ = {isa = PBXFileReference; fileEncoding = 4; lastKnownFileType = sourcecode.swift; path = MyTableViewController.swift; sourceTree = "<group>"; };
/* End PBXFileReference section */

/* Begin PBXFrameworksBuildPhase section */
		830878B61DFFE2120099B35D /* Frameworks */ = {
			isa = PBXFrameworksBuildPhase;
			buildActionMask = 2147483647;
			files = (
			);
			runOnlyForDeploymentPostprocessing = 0;
		};
/* End PBXFrameworksBuildPhase section */

/* Begin PBXGroup section */
		830878B01DFFE2120099B35D = {
			isa = PBXGroup;
			children = (
				830878BB1DFFE2120099B35D /* TableView_swift */,
				830878BA1DFFE2120099B35D /* Products */,
			);
			sourceTree = "<group>";
		};
		830878BA1DFFE2120099B35D /* Products */ = {
			isa = PBXGroup;
			children = (
				830878B91DFFE2120099B35D /* TableView_swift.app */,
			);
			name = Products;
			sourceTree = "<group>";
		};
		830878BB1DFFE2120099B35D /* TableView_swift */ = {
			isa = PBXGroup;
			children = (
				830878BC1DFFE2120099B35D /* AppDelegate.swift */,
				830878BE1DFFE2130099B35D /* ViewController.swift */,
				8378D3361E00D871001236A2 /* MyTableViewController.swift */,
				830878C01DFFE2130099B35D /* Main.storyboard */,
				830878C31DFFE2130099B35D /* Assets.xcassets */,
				830878C51DFFE2130099B35D /* LaunchScreen.storyboard */,
				830878C81DFFE2140099B35D /* Info.plist */,
			);
			path = TableView_swift;
			sourceTree = "<group>";
		};
/* End PBXGroup section */

/* Begin PBXNativeTarget section */
		830878B81DFFE2120099B35D /* TableView_swift */ = {
			isa = PBXNativeTarget;
			buildConfigurationList = 830878CB1DFFE2140099B35D /* Build configuration list for PBXNativeTarget "TableView_swift" */;
			buildPhases = (
				830878B51DFFE2120099B35D /* Sources */,
				830878B61DFFE2120099B35D /* Frameworks */,
				830878B71DFFE2120099B35D /* Resources */,
			);
			buildRules = (
			);
			dependencies = (
			);
			name = TableView_swift;
			productName = TableView_swift;
			productReference = 830878B91DFFE2120099B35D /* TableView_swift.app */;
			productType = "com.apple.product-type.application";
		};
/* End PBXNativeTarget section */

/* Begin PBXProject section */
		830878B11DFFE2120099B35D /* Project object */ = {
			isa = PBXProject;
			attributes = {
				LastSwiftUpdateCheck = 0820;
				LastUpgradeCheck = 0820;
				ORGANIZATIONNAME = "王凯";
				TargetAttributes = {
					830878B81DFFE2120099B35D = {
						CreatedOnToolsVersion = 8.2;
						DevelopmentTeam = H9BUD39NVR;
						ProvisioningStyle = Automatic;
					};
				};
			};
			buildConfigurationList = 830878B41DFFE2120099B35D /* Build configuration list for PBXProject "TableView_swift" */;
			compatibilityVersion = "Xcode 3.2";
			developmentRegion = English;
			hasScannedForEncodings = 0;
			knownRegions = (
				en,
				Base,
			);
			mainGroup = 830878B01DFFE2120099B35D;
			productRefGroup = 830878BA1DFFE2120099B35D /* Products */;
			projectDirPath = "";
			projectRoot = "";
			targets = (
				830878B81DFFE2120099B35D /* TableView_swift */,
			);
		};
/* End PBXProject section */

/* Begin PBXResourcesBuildPhase section */
		830878B71DFFE2120099B35D /* Resources */ = {
			isa = PBXResourcesBuildPhase;
			buildActionMask = 2147483647;
			files = (
				830878C71DFFE2130099B35D /* LaunchScreen.storyboard in Resources */,
				830878C41DFFE2130099B35D /* Assets.xcassets in Resources */,
				830878C21DFFE2130099B35D /* Main.storyboard in Resources */,
			);
			runOnlyForDeploymentPostprocessing = 0;
		};
/* End PBXResourcesBuildPhase section */

/* Begin PBXSourcesBuildPhase section */
		830878B51DFFE2120099B35D /* Sources */ = {
			isa = PBXSourcesBuildPhase;
			buildActionMask = 2147483647;
			files = (
				830878BF1DFFE2130099B35D /* ViewController.swift in Sources */,
				8378D3371E00D871001236A2 /* MyTableViewController.swift in Sources */,
				830878BD1DFFE2120099B35D /* AppDelegate.swift in Sources */,
			);
			runOnlyForDeploymentPostprocessing = 0;
		};
/* End PBXSourcesBuildPhase section */

/* Begin PBXVariantGroup section */
		830878C01DFFE2130099B35D /* Main.storyboard */ = {
			isa = PBXVariantGroup;
			children = (
				830878C11DFFE2130099B35D /* Base */,
			);
			name = Main.storyboard;
			sourceTree = "<group>";
		};
		830878C51DFFE2130099B35D /* LaunchScreen.storyboard */ = {
			isa = PBXVariantGroup;
			children = (
				830878C61DFFE2130099B35D /* Base */,
			);
			name = LaunchScreen.storyboard;
			sourceTree = "<group>";
		};
/* End PBXVariantGroup section */

/* Begin XCBuildConfiguration section */
		830878C91DFFE2140099B35D /* Debug */ = {
			isa = XCBuildConfiguration;
			buildSettings = {
				ALWAYS_SEARCH_USER_PATHS = NO;
				CLANG_ANALYZER_NONNULL = YES;
				CLANG_CXX_LANGUAGE_STANDARD = "gnu++0x";
				CLANG_CXX_LIBRARY = "libc++";
				CLANG_ENABLE_MODULES = YES;
				CLANG_ENABLE_OBJC_ARC = YES;
				CLANG_WARN_BOOL_CONVERSION = YES;
				CLANG_WARN_CONSTANT_CONVERSION = YES;
				CLANG_WARN_DIRECT_OBJC_ISA_USAGE = YES_ERROR;
				CLANG_WARN_DOCUMENTATION_COMMENTS = YES;
				CLANG_WARN_EMPTY_BODY = YES;
				CLANG_WARN_ENUM_CONVERSION = YES;
				CLANG_WARN_INFINITE_RECURSION = YES;
				CLANG_WARN_INT_CONVERSION = YES;
				CLANG_WARN_OBJC_ROOT_CLASS = YES_ERROR;
				CLANG_WARN_SUSPICIOUS_MOVE = YES;
				CLANG_WARN_UNREACHABLE_CODE = YES;
				CLANG_WARN__DUPLICATE_METHOD_MATCH = YES;
				"CODE_SIGN_IDENTITY[sdk=iphoneos*]" = "iPhone Developer";
				COPY_PHASE_STRIP = NO;
				DEBUG_INFORMATION_FORMAT = dwarf;
				ENABLE_STRICT_OBJC_MSGSEND = YES;
				ENABLE_TESTABILITY = YES;
				GCC_C_LANGUAGE_STANDARD = gnu99;
				GCC_DYNAMIC_NO_PIC = NO;
				GCC_NO_COMMON_BLOCKS = YES;
				GCC_OPTIMIZATION_LEVEL = 0;
				GCC_PREPROCESSOR_DEFINITIONS = (
					"DEBUG=1",
					"$(inherited)",
				);
				GCC_WARN_64_TO_32_BIT_CONVERSION = YES;
				GCC_WARN_ABOUT_RETURN_TYPE = YES_ERROR;
				GCC_WARN_UNDECLARED_SELECTOR = YES;
				GCC_WARN_UNINITIALIZED_AUTOS = YES_AGGRESSIVE;
				GCC_WARN_UNUSED_FUNCTION = YES;
				GCC_WARN_UNUSED_VARIABLE = YES;
				IPHONEOS_DEPLOYMENT_TARGET = 10.2;
				MTL_ENABLE_DEBUG_INFO = YES;
				ONLY_ACTIVE_ARCH = YES;
				SDKROOT = iphoneos;
				SWIFT_ACTIVE_COMPILATION_CONDITIONS = DEBUG;
				SWIFT_OPTIMIZATION_LEVEL = "-Onone";
			};
			name = Debug;
		};
		830878CA1DFFE2140099B35D /* Release */ = {
			isa = XCBuildConfiguration;
			buildSettings = {
				ALWAYS_SEARCH_USER_PATHS = NO;
				CLANG_ANALYZER_NONNULL = YES;
				CLANG_CXX_LANGUAGE_STANDARD = "gnu++0x";
				CLANG_CXX_LIBRARY = "libc++";
				CLANG_ENABLE_MODULES = YES;
				CLANG_ENABLE_OBJC_ARC = YES;
				CLANG_WARN_BOOL_CONVERSION = YES;
				CLANG_WARN_CONSTANT_CONVERSION = YES;
				CLANG_WARN_DIRECT_OBJC_ISA_USAGE = YES_ERROR;
				CLANG_WARN_DOCUMENTATION_COMMENTS = YES;
				CLANG_WARN_EMPTY_BODY = YES;
				CLANG_WARN_ENUM_CONVERSION = YES;
				CLANG_WARN_INFINITE_RECURSION = YES;
				CLANG_WARN_INT_CONVERSION = YES;
				CLANG_WARN_OBJC_ROOT_CLASS = YES_ERROR;
				CLANG_WARN_SUSPICIOUS_MOVE = YES;
				CLANG_WARN_UNREACHABLE_CODE = YES;
				CLANG_WARN__DUPLICATE_METHOD_MATCH = YES;
				"CODE_SIGN_IDENTITY[sdk=iphoneos*]" = "iPhone Developer";
				COPY_PHASE_STRIP = NO;
				DEBUG_INFORMATION_FORMAT = "dwarf-with-dsym";
				ENABLE_NS_ASSERTIONS = NO;
				ENABLE_STRICT_OBJC_MSGSEND = YES;
				GCC_C_LANGUAGE_STANDARD = gnu99;
				GCC_NO_COMMON_BLOCKS = YES;
				GCC_WARN_64_TO_32_BIT_CONVERSION = YES;
				GCC_WARN_ABOUT_RETURN_TYPE = YES_ERROR;
				GCC_WARN_UNDECLARED_SELECTOR = YES;
				GCC_WARN_UNINITIALIZED_AUTOS = YES_AGGRESSIVE;
				GCC_WARN_UNUSED_FUNCTION = YES;
				GCC_WARN_UNUSED_VARIABLE = YES;
				IPHONEOS_DEPLOYMENT_TARGET = 10.2;
				MTL_ENABLE_DEBUG_INFO = NO;
				SDKROOT = iphoneos;
				SWIFT_OPTIMIZATION_LEVEL = "-Owholemodule";
				VALIDATE_PRODUCT = YES;
			};
			name = Release;
		};
		830878CC1DFFE2140099B35D /* Debug */ = {
			isa = XCBuildConfiguration;
			buildSettings = {
				ASSETCATALOG_COMPILER_APPICON_NAME = AppIcon;
				DEVELOPMENT_TEAM = H9BUD39NVR;
				INFOPLIST_FILE = TableView_swift/Info.plist;
				LD_RUNPATH_SEARCH_PATHS = "$(inherited) @executable_path/Frameworks";
				PRODUCT_BUNDLE_IDENTIFIER = "KingS.TableView-swift";
				PRODUCT_NAME = "$(TARGET_NAME)";
				SWIFT_VERSION = 3.0;
			};
			name = Debug;
		};
		830878CD1DFFE2140099B35D /* Release */ = {
			isa = XCBuildConfiguration;
			buildSettings = {
				ASSETCATALOG_COMPILER_APPICON_NAME = AppIcon;
				DEVELOPMENT_TEAM = H9BUD39NVR;
				INFOPLIST_FILE = TableView_swift/Info.plist;
				LD_RUNPATH_SEARCH_PATHS = "$(inherited) @executable_path/Frameworks";
				PRODUCT_BUNDLE_IDENTIFIER = "KingS.TableView-swift";
				PRODUCT_NAME = "$(TARGET_NAME)";
				SWIFT_VERSION = 3.0;
			};
			name = Release;
		};
/* End XCBuildConfiguration section */

/* Begin XCConfigurationList section */
		830878B41DFFE2120099B35D /* Build configuration list for PBXProject "TableView_swift" */ = {
			isa = XCConfigurationList;
			buildConfigurations = (
				830878C91DFFE2140099B35D /* Debug */,
				830878CA1DFFE2140099B35D /* Release */,
			);
			defaultConfigurationIsVisible = 0;
			defaultConfigurationName = Release;
		};
		830878CB1DFFE2140099B35D /* Build configuration list for PBXNativeTarget "TableView_swift" */ = {
			isa = XCConfigurationList;
			buildConfigurations = (
				830878CC1DFFE2140099B35D /* Debug */,
				830878CD1DFFE2140099B35D /* Release */,
			);
			defaultConfigurationIsVisible = 0;
			defaultConfigurationName = Release;
		};
/* End XCConfigurationList section */
	};
	rootObject = 830878B11DFFE2120099B35D /* Project object */;
}
